
Microsoft Visual Studio Solution File, Format Version 12.00
# Visual Studio Version 17
VisualStudioVersion = 17.3.32929.385
MinimumVisualStudioVersion = 10.0.40219.1
Project("{FAE04EC0-301F-11D3-BF4B-00C04F79EFBC}") = "HomeWork12", "HomeWork12\HomeWork12.csproj", "{F0287BAF-99C1-4A50-A6A8-6445EDA0B03E}"
EndProject
Global
	GlobalSection(SolutionConfigurationPlatforms) = preSolution
		Debug|Any CPU = Debug|Any CPU
		Release|Any CPU = Release|Any CPU
	EndGlobalSection
	GlobalSection(ProjectConfigurationPlatforms) = postSolution
		{F0287BAF-99C1-4A50-A6A8-6445EDA0B03E}.Debug|Any CPU.ActiveCfg = Debug|Any CPU
		{F0287BAF-99C1-4A50-A6A8-6445EDA0B03E}.Debug|Any CPU.Build.0 = Debug|Any CPU
		{F0287BAF-99C1-4A50-A6A8-6445EDA0B03E}.Release|Any CPU.ActiveCfg = Release|Any CPU
		{F0287BAF-99C1-4A50-A6A8-6445EDA0B03E}.Release|Any CPU.Build.0 = Release|Any CPU
	EndGlobalSection
	GlobalSection(SolutionProperties) = preSolution
		HideSolutionNode = FALSE
	EndGlobalSection
	GlobalSection(ExtensibilityGlobals) = postSolution
		SolutionGuid = {D1EF23FF-F033-461E-AC4E-A5127BCFCDD6}
	EndGlobalSection
EndGlobal
